
Microsoft Visual Studio Solution File, Format Version 12.00
Project("{FAE04EC0-301F-11D3-BF4B-00C04F79EFBC}") = "HUGO", "HUGO.csproj", "{B9E4A700-B33F-494D-B720-F68DEACD9094}"
EndProject
Global
	GlobalSection(SolutionConfigurationPlatforms) = preSolution
		Debug|Any CPU = Debug|Any CPU
		Release|Any CPU = Release|Any CPU
	EndGlobalSection
	GlobalSection(ProjectConfigurationPlatforms) = postSolution
		{B9E4A700-B33F-494D-B720-F68DEACD9094}.Debug|Any CPU.ActiveCfg = Debug|Any CPU
		{B9E4A700-B33F-494D-B720-F68DEACD9094}.Debug|Any CPU.Build.0 = Debug|Any CPU
		{B9E4A700-B33F-494D-B720-F68DEACD9094}.Release|Any CPU.ActiveCfg = Release|Any CPU
		{B9E4A700-B33F-494D-B720-F68DEACD9094}.Release|Any CPU.Build.0 = Release|Any CPU
	EndGlobalSection
EndGlobal
